{
  "projects": [
    {
      "projectId": "58GpZjZCWTaJ8AUhpCwt2K",
      "version": "3.25.0",
      "dependencies": {},
      "lang": "ts",
      "fileLocks": [
        {
          "assetId": "58GpZjZCWTaJ8AUhpCwt2K",
          "type": "projectCss",
          "checksum": "fd84921cc10936e6ceb458c2ae01c4bd"
        }
      ],
      "codegenVersion": "0.0.1"
    },
    {
      "projectId": "vX2oViM6ZZg9g1K1WvUyLd",
      "version": "latest",
      "dependencies": {
        "58GpZjZCWTaJ8AUhpCwt2K": "3.25.0"
      },
      "lang": "ts",
      "fileLocks": [
        {
          "type": "globalVariant",
          "assetId": "nFhv9beNKSW-",
          "checksum": "02acb45b02814a246aae866c51a06ebc"
        },
        {
          "type": "renderModule",
          "assetId": "CYXS79XAj0Sy",
          "checksum": "94ada4609ce8757198f7024146f94848"
        },
        {
          "type": "cssRules",
          "assetId": "CYXS79XAj0Sy",
          "checksum": "94ada4609ce8757198f7024146f94848"
        },
        {
          "type": "icon",
          "assetId": "VsyDTjgUdlLm",
          "checksum": "d47361a6eda48c4191b4dabf13d7cb30"
        },
        {
          "type": "image",
          "assetId": "Y5Mj8wv8KlSO",
          "checksum": "03ef520acfa0597ba51b19ecf9897d83"
        },
        {
          "assetId": "vX2oViM6ZZg9g1K1WvUyLd",
          "type": "projectCss",
          "checksum": "a334412148c51df227212bee73775d6e"
        }
      ],
      "codegenVersion": "0.0.1"
    }
  ],
  "cliVersion": "0.1.330"
}
